// !$*UTF8*$!
{
	archiveVersion = 1;
	classes = {
	};
	objectVersion = 46;
	objects = {

/* Begin PBXBuildFile section */
		3D5CB5EA1CD34C3F003F5AA9 /* AppDelegate.swift in Sources */ = {isa = PBXBuildFile; fileRef = 3D5CB5E91CD34C3F003F5AA9 /* AppDelegate.swift */; };
		3D5CB5EC1CD34C3F003F5AA9 /* ViewController.swift in Sources */ = {isa = PBXBuildFile; fileRef = 3D5CB5EB1CD34C3F003F5AA9 /* ViewController.swift */; };
		3D5CB5EF1CD34C3F003F5AA9 /* Main.storyboard in Resources */ = {isa = PBXBuildFile; fileRef = 3D5CB5ED1CD34C3F003F5AA9 /* Main.storyboard */; };
		3D5CB5F11CD34C3F003F5AA9 /* Assets.xcassets in Resources */ = {isa = PBXBuildFile; fileRef = 3D5CB5F01CD34C3F003F5AA9 /* Assets.xcassets */; };
		3D5CB5F41CD34C3F003F5AA9 /* LaunchScreen.storyboard in Resources */ = {isa = PBXBuildFile; fileRef = 3D5CB5F21CD34C3F003F5AA9 /* LaunchScreen.storyboard */; };
/* End PBXBuildFile section */

/* Begin PBXFileReference section */
		3D5CB5E61CD34C3F003F5AA9 /* Heat.app */ = {isa = PBXFileReference; explicitFileType = wrapper.application; includeInIndex = 0; path = Heat.app; sourceTree = BUILT_PRODUCTS_DIR; };
		3D5CB5E91CD34C3F003F5AA9 /* AppDelegate.swift */ = {isa = PBXFileReference; lastKnownFileType = sourcecode.swift; path = AppDelegate.swift; sourceTree = "<group>"; };
		3D5CB5EB1CD34C3F003F5AA9 /* ViewController.swift */ = {isa = PBXFileReference; lastKnownFileType = sourcecode.swift; path = ViewController.swift; sourceTree = "<group>"; };
		3D5CB5EE1CD34C3F003F5AA9 /* Base */ = {isa = PBXFileReference; lastKnownFileType = file.storyboard; name = Base; path = Base.lproj/Main.storyboard; sourceTree = "<group>"; };
		3D5CB5F01CD34C3F003F5AA9 /* Assets.xcassets */ = {isa = PBXFileReference; lastKnownFileType = folder.assetcatalog; path = Assets.xcassets; sourceTree = "<group>"; };
		3D5CB5F31CD34C3F003F5AA9 /* Base */ = {isa = PBXFileReference; lastKnownFileType = file.storyboard; name = Base; path = Base.lproj/LaunchScreen.storyboard; sourceTree = "<group>"; };
		3D5CB5F51CD34C3F003F5AA9 /* Info.plist */ = {isa = PBXFileReference; lastKnownFileType = text.plist.xml; path = Info.plist; sourceTree = "<group>"; };
/* End PBXFileReference section */

/* Begin PBXFrameworksBuildPhase section */
		3D5CB5E31CD34C3F003F5AA9 /* Frameworks */ = {
			isa = PBXFrameworksBuildPhase;
			buildActionMask = 2147483647;
			files = (
			);
			runOnlyForDeploymentPostprocessing = 0;
		};
/* End PBXFrameworksBuildPhase section */

/* Begin PBXGroup section */
		3D5CB5DD1CD34C3F003F5AA9 = {
			isa = PBXGroup;
			children = (
				3D5CB5E81CD34C3F003F5AA9 /* Heat */,
				3D5CB5E71CD34C3F003F5AA9 /* Products */,
			);
			sourceTree = "<group>";
		};
		3D5CB5E71CD34C3F003F5AA9 /* Products */ = {
			isa = PBXGroup;
			children = (
				3D5CB5E61CD34C3F003F5AA9 /* Heat.app */,
			);
			name = Products;
			sourceTree = "<group>";
		};
		3D5CB5E81CD34C3F003F5AA9 /* Heat */ = {
			isa = PBXGroup;
			children = (
				3D5CB5E91CD34C3F003F5AA9 /* AppDelegate.swift */,
				3D5CB5EB1CD34C3F003F5AA9 /* ViewController.swift */,
				3D5CB5ED1CD34C3F003F5AA9 /* Main.storyboard */,
				3D5CB5F01CD34C3F003F5AA9 /* Assets.xcassets */,
				3D5CB5F21CD34C3F003F5AA9 /* LaunchScreen.storyboard */,
				3D5CB5F51CD34C3F003F5AA9 /* Info.plist */,
			);
			path = Heat;
			sourceTree = "<group>";
		};
/* End PBXGroup section */

/* Begin PBXNativeTarget section */
		3D5CB5E51CD34C3F003F5AA9 /* Heat */ = {
			isa = PBXNativeTarget;
			buildConfigurationList = 3D5CB5F81CD34C3F003F5AA9 /* Build configuration list for PBXNativeTarget "Heat" */;
			buildPhases = (
				3D5CB5E21CD34C3F003F5AA9 /* Sources */,
				3D5CB5E31CD34C3F003F5AA9 /* Frameworks */,
				3D5CB5E41CD34C3F003F5AA9 /* Resources */,
			);
			buildRules = (
			);
			dependencies = (
			);
			name = Heat;
			productName = Heat;
			productReference = 3D5CB5E61CD34C3F003F5AA9 /* Heat.app */;
			productType = "com.apple.product-type.application";
		};
/* End PBXNativeTarget section */

/* Begin PBXProject section */
		3D5CB5DE1CD34C3F003F5AA9 /* Project object */ = {
			isa = PBXProject;
			attributes = {
				LastSwiftUpdateCheck = 0730;
				LastUpgradeCheck = 0730;
				ORGANIZATIONNAME = "Peter Scott";
				TargetAttributes = {
					3D5CB5E51CD34C3F003F5AA9 = {
						CreatedOnToolsVersion = 7.3;
					};
				};
			};
			buildConfigurationList = 3D5CB5E11CD34C3F003F5AA9 /* Build configuration list for PBXProject "Heat" */;
			compatibilityVersion = "Xcode 3.2";
			developmentRegion = English;
			hasScannedForEncodings = 0;
			knownRegions = (
				en,
				Base,
			);
			mainGroup = 3D5CB5DD1CD34C3F003F5AA9;
			productRefGroup = 3D5CB5E71CD34C3F003F5AA9 /* Products */;
			projectDirPath = "";
			projectRoot = "";
			targets = (
				3D5CB5E51CD34C3F003F5AA9 /* Heat */,
			);
		};
/* End PBXProject section */

/* Begin PBXResourcesBuildPhase section */
		3D5CB5E41CD34C3F003F5AA9 /* Resources */ = {
			isa = PBXResourcesBuildPhase;
			buildActionMask = 2147483647;
			files = (
				3D5CB5F41CD34C3F003F5AA9 /* LaunchScreen.storyboard in Resources */,
				3D5CB5F11CD34C3F003F5AA9 /* Assets.xcassets in Resources */,
				3D5CB5EF1CD34C3F003F5AA9 /* Main.storyboard in Resources */,
			);
			runOnlyForDeploymentPostprocessing = 0;
		};
/* End PBXResourcesBuildPhase section */

/* Begin PBXSourcesBuildPhase section */
		3D5CB5E21CD34C3F003F5AA9 /* Sources */ = {
			isa = PBXSourcesBuildPhase;
			buildActionMask = 2147483647;
			files = (
				3D5CB5EC1CD34C3F003F5AA9 /* ViewController.swift in Sources */,
				3D5CB5EA1CD34C3F003F5AA9 /* AppDelegate.swift in Sources */,
			);
			runOnlyForDeploymentPostprocessing = 0;
		};
/* End PBXSourcesBuildPhase section */

/* Begin PBXVariantGroup section */
		3D5CB5ED1CD34C3F003F5AA9 /* Main.storyboard */ = {
			isa = PBXVariantGroup;
			children = (
				3D5CB5EE1CD34C3F003F5AA9 /* Base */,
			);
			name = Main.storyboard;
			sourceTree = "<group>";
		};
		3D5CB5F21CD34C3F003F5AA9 /* LaunchScreen.storyboard */ = {
			isa = PBXVariantGroup;
			children = (
				3D5CB5F31CD34C3F003F5AA9 /* Base */,
			);
			name = LaunchScreen.storyboard;
			sourceTree = "<group>";
		};
/* End PBXVariantGroup section */

/* Begin XCBuildConfiguration section */
		3D5CB5F61CD34C3F003F5AA9 /* Debug */ = {
			isa = XCBuildConfiguration;
			buildSettings = {
				ALWAYS_SEARCH_USER_PATHS = NO;
				CLANG_ANALYZER_NONNULL = YES;
				CLANG_CXX_LANGUAGE_STANDARD = "gnu++0x";
				CLANG_CXX_LIBRARY = "libc++";
				CLANG_ENABLE_MODULES = YES;
				CLANG_ENABLE_OBJC_ARC = YES;
				CLANG_WARN_BOOL_CONVERSION = YES;
				CLANG_WARN_CONSTANT_CONVERSION = YES;
				CLANG_WARN_DIRECT_OBJC_ISA_USAGE = YES_ERROR;
				CLANG_WARN_EMPTY_BODY = YES;
				CLANG_WARN_ENUM_CONVERSION = YES;
				CLANG_WARN_INT_CONVERSION = YES;
				CLANG_WARN_OBJC_ROOT_CLASS = YES_ERROR;
				CLANG_WARN_UNREACHABLE_CODE = YES;
				CLANG_WARN__DUPLICATE_METHOD_MATCH = YES;
				"CODE_SIGN_IDENTITY[sdk=iphoneos*]" = "iPhone Developer";
				COPY_PHASE_STRIP = NO;
				DEBUG_INFORMATION_FORMAT = dwarf;
				ENABLE_STRICT_OBJC_MSGSEND = YES;
				ENABLE_TESTABILITY = YES;
				GCC_C_LANGUAGE_STANDARD = gnu99;
				GCC_DYNAMIC_NO_PIC = NO;
				GCC_NO_COMMON_BLOCKS = YES;
				GCC_OPTIMIZATION_LEVEL = 0;
				GCC_PREPROCESSOR_DEFINITIONS = (
					"DEBUG=1",
					"$(inherited)",
				);
				GCC_WARN_64_TO_32_BIT_CONVERSION = YES;
				GCC_WARN_ABOUT_RETURN_TYPE = YES_ERROR;
				GCC_WARN_UNDECLARED_SELECTOR = YES;
				GCC_WARN_UNINITIALIZED_AUTOS = YES_AGGRESSIVE;
				GCC_WARN_UNUSED_FUNCTION = YES;
				GCC_WARN_UNUSED_VARIABLE = YES;
				IPHONEOS_DEPLOYMENT_TARGET = 9.3;
				MTL_ENABLE_DEBUG_INFO = YES;
				ONLY_ACTIVE_ARCH = YES;
				SDKROOT = iphoneos;
				SWIFT_OPTIMIZATION_LEVEL = "-Onone";
				TARGETED_DEVICE_FAMILY = "1,2";
			};
			name = Debug;
		};
		3D5CB5F71CD34C3F003F5AA9 /* Release */ = {
			isa = XCBuildConfiguration;
			buildSettings = {
				ALWAYS_SEARCH_USER_PATHS = NO;
				CLANG_ANALYZER_NONNULL = YES;
				CLANG_CXX_LANGUAGE_STANDARD = "gnu++0x";
				CLANG_CXX_LIBRARY = "libc++";
				CLANG_ENABLE_MODULES = YES;
				CLANG_ENABLE_OBJC_ARC = YES;
				CLANG_WARN_BOOL_CONVERSION = YES;
				CLANG_WARN_CONSTANT_CONVERSION = YES;
				CLANG_WARN_DIRECT_OBJC_ISA_USAGE = YES_ERROR;
				CLANG_WARN_EMPTY_BODY = YES;
				CLANG_WARN_ENUM_CONVERSION = YES;
				CLANG_WARN_INT_CONVERSION = YES;
				CLANG_WARN_OBJC_ROOT_CLASS = YES_ERROR;
				CLANG_WARN_UNREACHABLE_CODE = YES;
				CLANG_WARN__DUPLICATE_METHOD_MATCH = YES;
				"CODE_SIGN_IDENTITY[sdk=iphoneos*]" = "iPhone Developer";
				COPY_PHASE_STRIP = NO;
				DEBUG_INFORMATION_FORMAT = "dwarf-with-dsym";
				ENABLE_NS_ASSERTIONS = NO;
				ENABLE_STRICT_OBJC_MSGSEND = YES;
				GCC_C_LANGUAGE_STANDARD = gnu99;
				GCC_NO_COMMON_BLOCKS = YES;
				GCC_WARN_64_TO_32_BIT_CONVERSION = YES;
				GCC_WARN_ABOUT_RETURN_TYPE = YES_ERROR;
				GCC_WARN_UNDECLARED_SELECTOR = YES;
				GCC_WARN_UNINITIALIZED_AUTOS = YES_AGGRESSIVE;
				GCC_WARN_UNUSED_FUNCTION = YES;
				GCC_WARN_UNUSED_VARIABLE = YES;
				IPHONEOS_DEPLOYMENT_TARGET = 9.3;
				MTL_ENABLE_DEBUG_INFO = NO;
				SDKROOT = iphoneos;
				TARGETED_DEVICE_FAMILY = "1,2";
				VALIDATE_PRODUCT = YES;
			};
			name = Release;
		};
		3D5CB5F91CD34C3F003F5AA9 /* Debug */ = {
			isa = XCBuildConfiguration;
			buildSettings = {
				ASSETCATALOG_COMPILER_APPICON_NAME = AppIcon;
				INFOPLIST_FILE = Heat/Info.plist;
				LD_RUNPATH_SEARCH_PATHS = "$(inherited) @executable_path/Frameworks";
				PRODUCT_BUNDLE_IDENTIFIER = com.woolybeach.Heat;
				PRODUCT_NAME = "$(TARGET_NAME)";
			};
			name = Debug;
		};
		3D5CB5FA1CD34C3F003F5AA9 /* Release */ = {
			isa = XCBuildConfiguration;
			buildSettings = {
				ASSETCATALOG_COMPILER_APPICON_NAME = AppIcon;
				INFOPLIST_FILE = Heat/Info.plist;
				LD_RUNPATH_SEARCH_PATHS = "$(inherited) @executable_path/Frameworks";
				PRODUCT_BUNDLE_IDENTIFIER = com.woolybeach.Heat;
				PRODUCT_NAME = "$(TARGET_NAME)";
			};
			name = Release;
		};
/* End XCBuildConfiguration section */

/* Begin XCConfigurationList section */
		3D5CB5E11CD34C3F003F5AA9 /* Build configuration list for PBXProject "Heat" */ = {
			isa = XCConfigurationList;
			buildConfigurations = (
				3D5CB5F61CD34C3F003F5AA9 /* Debug */,
				3D5CB5F71CD34C3F003F5AA9 /* Release */,
			);
			defaultConfigurationIsVisible = 0;
			defaultConfigurationName = Release;
		};
		3D5CB5F81CD34C3F003F5AA9 /* Build configuration list for PBXNativeTarget "Heat" */ = {
			isa = XCConfigurationList;
			buildConfigurations = (
				3D5CB5F91CD34C3F003F5AA9 /* Debug */,
				3D5CB5FA1CD34C3F003F5AA9 /* Release */,
			);
			defaultConfigurationIsVisible = 0;
		};
/* End XCConfigurationList section */
	};
	rootObject = 3D5CB5DE1CD34C3F003F5AA9 /* Project object */;
}
